
Microsoft Visual Studio Solution File, Format Version 12.00
# Visual Studio Version 17
VisualStudioVersion = 17.1.32104.313
MinimumVisualStudioVersion = 10.0.40219.1
Project("{FAE04EC0-301F-11D3-BF4B-00C04F79EFBC}") = "PaymentMS.Domain", "PaymentMS.Domain\PaymentMS.Domain.csproj", "{8A63FD2C-81A3-400F-8407-E57288A490B7}"
EndProject
Project("{FAE04EC0-301F-11D3-BF4B-00C04F79EFBC}") = "PaymentMS.DomainService", "PaymentMS.DomainService\PaymentMS.DomainService.csproj", "{6EC81E1B-FD36-45E2-98A9-41BB4D929406}"
EndProject
Project("{FAE04EC0-301F-11D3-BF4B-00C04F79EFBC}") = "PaymentMS.ApplicationService", "PaymentMS.ApplicationService\PaymentMS.ApplicationService.csproj", "{5CC67CDE-853F-4EBA-BFBD-785E12725CE5}"
EndProject
Project("{FAE04EC0-301F-11D3-BF4B-00C04F79EFBC}") = "PaymentMS.Infrastructure", "PaymentMS.Infrastructure\PaymentMS.Infrastructure.csproj", "{87CC81DB-5AC3-4B7B-B6F7-D08314EDD28F}"
EndProject
Project("{FAE04EC0-301F-11D3-BF4B-00C04F79EFBC}") = "PaymentMS.CrossCutting", "PaymentMS.CrossCutting\PaymentMS.CrossCutting.csproj", "{29E520CA-53F5-4658-AACA-0A570E501A86}"
EndProject
Project("{FAE04EC0-301F-11D3-BF4B-00C04F79EFBC}") = "PaymentMS.Data", "PaymentMS.Data\PaymentMS.Data.csproj", "{DC7ACED9-1193-4510-B585-0C4A53796AC5}"
EndProject
Project("{2150E333-8FDC-42A3-9474-1A3956D46DE8}") = "1 EntryPoint", "1 EntryPoint", "{D33B8D34-AFF8-4459-B717-8181A904E7A7}"
EndProject
Project("{2150E333-8FDC-42A3-9474-1A3956D46DE8}") = "2 ApplicationService", "2 ApplicationService", "{34049AD8-C5F7-4A5C-A58C-544B7C50B416}"
EndProject
Project("{2150E333-8FDC-42A3-9474-1A3956D46DE8}") = "3 DomainService", "3 DomainService", "{1C1A7843-2078-4C4C-99B6-12AC09F2320F}"
EndProject
Project("{2150E333-8FDC-42A3-9474-1A3956D46DE8}") = "4 Domain", "4 Domain", "{208D6C7B-840D-4BCB-A438-BD467F62BDE6}"
EndProject
Project("{2150E333-8FDC-42A3-9474-1A3956D46DE8}") = "5 Infrastructure", "5 Infrastructure", "{3D2F17D9-7826-430B-8A45-C6AC5D9AA446}"
EndProject
Project("{2150E333-8FDC-42A3-9474-1A3956D46DE8}") = "6 CrossCutting", "6 CrossCutting", "{588456E2-09E6-47C8-A385-937E2CC3ED9E}"
EndProject
Project("{2150E333-8FDC-42A3-9474-1A3956D46DE8}") = "7 Data", "7 Data", "{2AD22D6A-66DB-47F4-A6B5-B2A7A4B76699}"
EndProject
Project("{FAE04EC0-301F-11D3-BF4B-00C04F79EFBC}") = "PaymentMS.API", "PaymentMS.API\PaymentMS.API.csproj", "{0D6BAA78-5E9F-4A90-97D9-7D55B9E732F0}"
EndProject
Global
	GlobalSection(SolutionConfigurationPlatforms) = preSolution
		Debug|Any CPU = Debug|Any CPU
		Release|Any CPU = Release|Any CPU
	EndGlobalSection
	GlobalSection(ProjectConfigurationPlatforms) = postSolution
		{8A63FD2C-81A3-400F-8407-E57288A490B7}.Debug|Any CPU.ActiveCfg = Debug|Any CPU
		{8A63FD2C-81A3-400F-8407-E57288A490B7}.Debug|Any CPU.Build.0 = Debug|Any CPU
		{8A63FD2C-81A3-400F-8407-E57288A490B7}.Release|Any CPU.ActiveCfg = Release|Any CPU
		{8A63FD2C-81A3-400F-8407-E57288A490B7}.Release|Any CPU.Build.0 = Release|Any CPU
		{6EC81E1B-FD36-45E2-98A9-41BB4D929406}.Debug|Any CPU.ActiveCfg = Debug|Any CPU
		{6EC81E1B-FD36-45E2-98A9-41BB4D929406}.Debug|Any CPU.Build.0 = Debug|Any CPU
		{6EC81E1B-FD36-45E2-98A9-41BB4D929406}.Release|Any CPU.ActiveCfg = Release|Any CPU
		{6EC81E1B-FD36-45E2-98A9-41BB4D929406}.Release|Any CPU.Build.0 = Release|Any CPU
		{5CC67CDE-853F-4EBA-BFBD-785E12725CE5}.Debug|Any CPU.ActiveCfg = Debug|Any CPU
		{5CC67CDE-853F-4EBA-BFBD-785E12725CE5}.Debug|Any CPU.Build.0 = Debug|Any CPU
		{5CC67CDE-853F-4EBA-BFBD-785E12725CE5}.Release|Any CPU.ActiveCfg = Release|Any CPU
		{5CC67CDE-853F-4EBA-BFBD-785E12725CE5}.Release|Any CPU.Build.0 = Release|Any CPU
		{87CC81DB-5AC3-4B7B-B6F7-D08314EDD28F}.Debug|Any CPU.ActiveCfg = Debug|Any CPU
		{87CC81DB-5AC3-4B7B-B6F7-D08314EDD28F}.Debug|Any CPU.Build.0 = Debug|Any CPU
		{87CC81DB-5AC3-4B7B-B6F7-D08314EDD28F}.Release|Any CPU.ActiveCfg = Release|Any CPU
		{87CC81DB-5AC3-4B7B-B6F7-D08314EDD28F}.Release|Any CPU.Build.0 = Release|Any CPU
		{29E520CA-53F5-4658-AACA-0A570E501A86}.Debug|Any CPU.ActiveCfg = Debug|Any CPU
		{29E520CA-53F5-4658-AACA-0A570E501A86}.Debug|Any CPU.Build.0 = Debug|Any CPU
		{29E520CA-53F5-4658-AACA-0A570E501A86}.Release|Any CPU.ActiveCfg = Release|Any CPU
		{29E520CA-53F5-4658-AACA-0A570E501A86}.Release|Any CPU.Build.0 = Release|Any CPU
		{DC7ACED9-1193-4510-B585-0C4A53796AC5}.Debug|Any CPU.ActiveCfg = Debug|Any CPU
		{DC7ACED9-1193-4510-B585-0C4A53796AC5}.Debug|Any CPU.Build.0 = Debug|Any CPU
		{DC7ACED9-1193-4510-B585-0C4A53796AC5}.Release|Any CPU.ActiveCfg = Release|Any CPU
		{DC7ACED9-1193-4510-B585-0C4A53796AC5}.Release|Any CPU.Build.0 = Release|Any CPU
		{0D6BAA78-5E9F-4A90-97D9-7D55B9E732F0}.Debug|Any CPU.ActiveCfg = Debug|Any CPU
		{0D6BAA78-5E9F-4A90-97D9-7D55B9E732F0}.Debug|Any CPU.Build.0 = Debug|Any CPU
		{0D6BAA78-5E9F-4A90-97D9-7D55B9E732F0}.Release|Any CPU.ActiveCfg = Release|Any CPU
		{0D6BAA78-5E9F-4A90-97D9-7D55B9E732F0}.Release|Any CPU.Build.0 = Release|Any CPU
	EndGlobalSection
	GlobalSection(SolutionProperties) = preSolution
		HideSolutionNode = FALSE
	EndGlobalSection
	GlobalSection(NestedProjects) = preSolution
		{8A63FD2C-81A3-400F-8407-E57288A490B7} = {208D6C7B-840D-4BCB-A438-BD467F62BDE6}
		{6EC81E1B-FD36-45E2-98A9-41BB4D929406} = {1C1A7843-2078-4C4C-99B6-12AC09F2320F}
		{5CC67CDE-853F-4EBA-BFBD-785E12725CE5} = {34049AD8-C5F7-4A5C-A58C-544B7C50B416}
		{87CC81DB-5AC3-4B7B-B6F7-D08314EDD28F} = {3D2F17D9-7826-430B-8A45-C6AC5D9AA446}
		{29E520CA-53F5-4658-AACA-0A570E501A86} = {588456E2-09E6-47C8-A385-937E2CC3ED9E}
		{DC7ACED9-1193-4510-B585-0C4A53796AC5} = {2AD22D6A-66DB-47F4-A6B5-B2A7A4B76699}
		{0D6BAA78-5E9F-4A90-97D9-7D55B9E732F0} = {D33B8D34-AFF8-4459-B717-8181A904E7A7}
	EndGlobalSection
	GlobalSection(ExtensibilityGlobals) = postSolution
		SolutionGuid = {3C794EA8-886F-440A-B2CF-802E9130090E}
	EndGlobalSection
EndGlobal
